
Microsoft Visual Studio Solution File, Format Version 12.00
# Visual Studio Version 17
VisualStudioVersion = 17.14.36915.13 d17.14
MinimumVisualStudioVersion = 10.0.40219.1
Project("{FAE04EC0-301F-11D3-BF4B-00C04F79EFBC}") = "eays", "eays.csproj", "{3E53BC8D-2A56-46EE-9018-39BD7DF99127}"
EndProject
Global
	GlobalSection(SolutionConfigurationPlatforms) = preSolution
		Debug|Any CPU = Debug|Any CPU
		Release|Any CPU = Release|Any CPU
	EndGlobalSection
	GlobalSection(ProjectConfigurationPlatforms) = postSolution
		{3E53BC8D-2A56-46EE-9018-39BD7DF99127}.Debug|Any CPU.ActiveCfg = Debug|Any CPU
		{3E53BC8D-2A56-46EE-9018-39BD7DF99127}.Debug|Any CPU.Build.0 = Debug|Any CPU
		{3E53BC8D-2A56-46EE-9018-39BD7DF99127}.Release|Any CPU.ActiveCfg = Release|Any CPU
		{3E53BC8D-2A56-46EE-9018-39BD7DF99127}.Release|Any CPU.Build.0 = Release|Any CPU
	EndGlobalSection
	GlobalSection(SolutionProperties) = preSolution
		HideSolutionNode = FALSE
	EndGlobalSection
	GlobalSection(ExtensibilityGlobals) = postSolution
		SolutionGuid = {9A1579BF-70A4-4DA5-A332-A7D52329C3A0}
	EndGlobalSection
EndGlobal
